// !$*UTF8*$!
{
	archiveVersion = 1;
	classes = {
	};
	objectVersion = 50;
	objects = {

/* Begin PBXBuildFile section */
		9BC11C9122F7FE8A008EE6C0 /* AppDelegate.swift in Sources */ = {isa = PBXBuildFile; fileRef = 9BC11C9022F7FE8A008EE6C0 /* AppDelegate.swift */; };
		9BC11C9322F7FE8A008EE6C0 /* ViewController.swift in Sources */ = {isa = PBXBuildFile; fileRef = 9BC11C9222F7FE8A008EE6C0 /* ViewController.swift */; };
		9BC11C9622F7FE8A008EE6C0 /* Main.storyboard in Resources */ = {isa = PBXBuildFile; fileRef = 9BC11C9422F7FE8A008EE6C0 /* Main.storyboard */; };
		9BC11C9822F7FE8B008EE6C0 /* Assets.xcassets in Resources */ = {isa = PBXBuildFile; fileRef = 9BC11C9722F7FE8B008EE6C0 /* Assets.xcassets */; };
		9BC11C9B22F7FE8B008EE6C0 /* LaunchScreen.storyboard in Resources */ = {isa = PBXBuildFile; fileRef = 9BC11C9922F7FE8B008EE6C0 /* LaunchScreen.storyboard */; };
		9BC11CA622F7FE8B008EE6C0 /* EggTimerTests.swift in Sources */ = {isa = PBXBuildFile; fileRef = 9BC11CA522F7FE8B008EE6C0 /* EggTimerTests.swift */; };
		9BC11CB122F7FE8B008EE6C0 /* EggTimerUITests.swift in Sources */ = {isa = PBXBuildFile; fileRef = 9BC11CB022F7FE8B008EE6C0 /* EggTimerUITests.swift */; };
/* End PBXBuildFile section */

/* Begin PBXContainerItemProxy section */
		9BC11CA222F7FE8B008EE6C0 /* PBXContainerItemProxy */ = {
			isa = PBXContainerItemProxy;
			containerPortal = 9BC11C8522F7FE8A008EE6C0 /* Project object */;
			proxyType = 1;
			remoteGlobalIDString = 9BC11C8C22F7FE8A008EE6C0;
			remoteInfo = EggTimer;
		};
		9BC11CAD22F7FE8B008EE6C0 /* PBXContainerItemProxy */ = {
			isa = PBXContainerItemProxy;
			containerPortal = 9BC11C8522F7FE8A008EE6C0 /* Project object */;
			proxyType = 1;
			remoteGlobalIDString = 9BC11C8C22F7FE8A008EE6C0;
			remoteInfo = EggTimer;
		};
/* End PBXContainerItemProxy section */

/* Begin PBXFileReference section */
		9BC11C8D22F7FE8A008EE6C0 /* EggTimer.app */ = {isa = PBXFileReference; explicitFileType = wrapper.application; includeInIndex = 0; path = EggTimer.app; sourceTree = BUILT_PRODUCTS_DIR; };
		9BC11C9022F7FE8A008EE6C0 /* AppDelegate.swift */ = {isa = PBXFileReference; lastKnownFileType = sourcecode.swift; path = AppDelegate.swift; sourceTree = "<group>"; };
		9BC11C9222F7FE8A008EE6C0 /* ViewController.swift */ = {isa = PBXFileReference; lastKnownFileType = sourcecode.swift; path = ViewController.swift; sourceTree = "<group>"; };
		9BC11C9522F7FE8A008EE6C0 /* Base */ = {isa = PBXFileReference; lastKnownFileType = file.storyboard; name = Base; path = Base.lproj/Main.storyboard; sourceTree = "<group>"; };
		9BC11C9722F7FE8B008EE6C0 /* Assets.xcassets */ = {isa = PBXFileReference; lastKnownFileType = folder.assetcatalog; path = Assets.xcassets; sourceTree = "<group>"; };
		9BC11C9A22F7FE8B008EE6C0 /* Base */ = {isa = PBXFileReference; lastKnownFileType = file.storyboard; name = Base; path = Base.lproj/LaunchScreen.storyboard; sourceTree = "<group>"; };
		9BC11C9C22F7FE8B008EE6C0 /* Info.plist */ = {isa = PBXFileReference; lastKnownFileType = text.plist.xml; path = Info.plist; sourceTree = "<group>"; };
		9BC11CA122F7FE8B008EE6C0 /* EggTimerTests.xctest */ = {isa = PBXFileReference; explicitFileType = wrapper.cfbundle; includeInIndex = 0; path = EggTimerTests.xctest; sourceTree = BUILT_PRODUCTS_DIR; };
		9BC11CA522F7FE8B008EE6C0 /* EggTimerTests.swift */ = {isa = PBXFileReference; lastKnownFileType = sourcecode.swift; path = EggTimerTests.swift; sourceTree = "<group>"; };
		9BC11CA722F7FE8B008EE6C0 /* Info.plist */ = {isa = PBXFileReference; lastKnownFileType = text.plist.xml; path = Info.plist; sourceTree = "<group>"; };
		9BC11CAC22F7FE8B008EE6C0 /* EggTimerUITests.xctest */ = {isa = PBXFileReference; explicitFileType = wrapper.cfbundle; includeInIndex = 0; path = EggTimerUITests.xctest; sourceTree = BUILT_PRODUCTS_DIR; };
		9BC11CB022F7FE8B008EE6C0 /* EggTimerUITests.swift */ = {isa = PBXFileReference; lastKnownFileType = sourcecode.swift; path = EggTimerUITests.swift; sourceTree = "<group>"; };
		9BC11CB222F7FE8B008EE6C0 /* Info.plist */ = {isa = PBXFileReference; lastKnownFileType = text.plist.xml; path = Info.plist; sourceTree = "<group>"; };
/* End PBXFileReference section */

/* Begin PBXFrameworksBuildPhase section */
		9BC11C8A22F7FE8A008EE6C0 /* Frameworks */ = {
			isa = PBXFrameworksBuildPhase;
			buildActionMask = 2147483647;
			files = (
			);
			runOnlyForDeploymentPostprocessing = 0;
		};
		9BC11C9E22F7FE8B008EE6C0 /* Frameworks */ = {
			isa = PBXFrameworksBuildPhase;
			buildActionMask = 2147483647;
			files = (
			);
			runOnlyForDeploymentPostprocessing = 0;
		};
		9BC11CA922F7FE8B008EE6C0 /* Frameworks */ = {
			isa = PBXFrameworksBuildPhase;
			buildActionMask = 2147483647;
			files = (
			);
			runOnlyForDeploymentPostprocessing = 0;
		};
/* End PBXFrameworksBuildPhase section */

/* Begin PBXGroup section */
		9BC11C8422F7FE8A008EE6C0 = {
			isa = PBXGroup;
			children = (
				9BC11C8F22F7FE8A008EE6C0 /* EggTimer */,
				9BC11CA422F7FE8B008EE6C0 /* EggTimerTests */,
				9BC11CAF22F7FE8B008EE6C0 /* EggTimerUITests */,
				9BC11C8E22F7FE8A008EE6C0 /* Products */,
			);
			sourceTree = "<group>";
		};
		9BC11C8E22F7FE8A008EE6C0 /* Products */ = {
			isa = PBXGroup;
			children = (
				9BC11C8D22F7FE8A008EE6C0 /* EggTimer.app */,
				9BC11CA122F7FE8B008EE6C0 /* EggTimerTests.xctest */,
				9BC11CAC22F7FE8B008EE6C0 /* EggTimerUITests.xctest */,
			);
			name = Products;
			sourceTree = "<group>";
		};
		9BC11C8F22F7FE8A008EE6C0 /* EggTimer */ = {
			isa = PBXGroup;
			children = (
				9BC11C9022F7FE8A008EE6C0 /* AppDelegate.swift */,
				9BC11C9222F7FE8A008EE6C0 /* ViewController.swift */,
				9BC11C9422F7FE8A008EE6C0 /* Main.storyboard */,
				9BC11C9722F7FE8B008EE6C0 /* Assets.xcassets */,
				9BC11C9922F7FE8B008EE6C0 /* LaunchScreen.storyboard */,
				9BC11C9C22F7FE8B008EE6C0 /* Info.plist */,
			);
			path = EggTimer;
			sourceTree = "<group>";
		};
		9BC11CA422F7FE8B008EE6C0 /* EggTimerTests */ = {
			isa = PBXGroup;
			children = (
				9BC11CA522F7FE8B008EE6C0 /* EggTimerTests.swift */,
				9BC11CA722F7FE8B008EE6C0 /* Info.plist */,
			);
			path = EggTimerTests;
			sourceTree = "<group>";
		};
		9BC11CAF22F7FE8B008EE6C0 /* EggTimerUITests */ = {
			isa = PBXGroup;
			children = (
				9BC11CB022F7FE8B008EE6C0 /* EggTimerUITests.swift */,
				9BC11CB222F7FE8B008EE6C0 /* Info.plist */,
			);
			path = EggTimerUITests;
			sourceTree = "<group>";
		};
/* End PBXGroup section */

/* Begin PBXNativeTarget section */
		9BC11C8C22F7FE8A008EE6C0 /* EggTimer */ = {
			isa = PBXNativeTarget;
			buildConfigurationList = 9BC11CB522F7FE8B008EE6C0 /* Build configuration list for PBXNativeTarget "EggTimer" */;
			buildPhases = (
				9BC11C8922F7FE8A008EE6C0 /* Sources */,
				9BC11C8A22F7FE8A008EE6C0 /* Frameworks */,
				9BC11C8B22F7FE8A008EE6C0 /* Resources */,
			);
			buildRules = (
			);
			dependencies = (
			);
			name = EggTimer;
			productName = EggTimer;
			productReference = 9BC11C8D22F7FE8A008EE6C0 /* EggTimer.app */;
			productType = "com.apple.product-type.application";
		};
		9BC11CA022F7FE8B008EE6C0 /* EggTimerTests */ = {
			isa = PBXNativeTarget;
			buildConfigurationList = 9BC11CB822F7FE8B008EE6C0 /* Build configuration list for PBXNativeTarget "EggTimerTests" */;
			buildPhases = (
				9BC11C9D22F7FE8B008EE6C0 /* Sources */,
				9BC11C9E22F7FE8B008EE6C0 /* Frameworks */,
				9BC11C9F22F7FE8B008EE6C0 /* Resources */,
			);
			buildRules = (
			);
			dependencies = (
				9BC11CA322F7FE8B008EE6C0 /* PBXTargetDependency */,
			);
			name = EggTimerTests;
			productName = EggTimerTests;
			productReference = 9BC11CA122F7FE8B008EE6C0 /* EggTimerTests.xctest */;
			productType = "com.apple.product-type.bundle.unit-test";
		};
		9BC11CAB22F7FE8B008EE6C0 /* EggTimerUITests */ = {
			isa = PBXNativeTarget;
			buildConfigurationList = 9BC11CBB22F7FE8B008EE6C0 /* Build configuration list for PBXNativeTarget "EggTimerUITests" */;
			buildPhases = (
				9BC11CA822F7FE8B008EE6C0 /* Sources */,
				9BC11CA922F7FE8B008EE6C0 /* Frameworks */,
				9BC11CAA22F7FE8B008EE6C0 /* Resources */,
			);
			buildRules = (
			);
			dependencies = (
				9BC11CAE22F7FE8B008EE6C0 /* PBXTargetDependency */,
			);
			name = EggTimerUITests;
			productName = EggTimerUITests;
			productReference = 9BC11CAC22F7FE8B008EE6C0 /* EggTimerUITests.xctest */;
			productType = "com.apple.product-type.bundle.ui-testing";
		};
/* End PBXNativeTarget section */

/* Begin PBXProject section */
		9BC11C8522F7FE8A008EE6C0 /* Project object */ = {
			isa = PBXProject;
			attributes = {
				LastSwiftUpdateCheck = 1030;
				LastUpgradeCheck = 1030;
				ORGANIZATIONNAME = "Shilpa Kumari";
				TargetAttributes = {
					9BC11C8C22F7FE8A008EE6C0 = {
						CreatedOnToolsVersion = 10.3;
					};
					9BC11CA022F7FE8B008EE6C0 = {
						CreatedOnToolsVersion = 10.3;
						TestTargetID = 9BC11C8C22F7FE8A008EE6C0;
					};
					9BC11CAB22F7FE8B008EE6C0 = {
						CreatedOnToolsVersion = 10.3;
						TestTargetID = 9BC11C8C22F7FE8A008EE6C0;
					};
				};
			};
			buildConfigurationList = 9BC11C8822F7FE8A008EE6C0 /* Build configuration list for PBXProject "EggTimer" */;
			compatibilityVersion = "Xcode 9.3";
			developmentRegion = en;
			hasScannedForEncodings = 0;
			knownRegions = (
				en,
				Base,
			);
			mainGroup = 9BC11C8422F7FE8A008EE6C0;
			productRefGroup = 9BC11C8E22F7FE8A008EE6C0 /* Products */;
			projectDirPath = "";
			projectRoot = "";
			targets = (
				9BC11C8C22F7FE8A008EE6C0 /* EggTimer */,
				9BC11CA022F7FE8B008EE6C0 /* EggTimerTests */,
				9BC11CAB22F7FE8B008EE6C0 /* EggTimerUITests */,
			);
		};
/* End PBXProject section */

/* Begin PBXResourcesBuildPhase section */
		9BC11C8B22F7FE8A008EE6C0 /* Resources */ = {
			isa = PBXResourcesBuildPhase;
			buildActionMask = 2147483647;
			files = (
				9BC11C9B22F7FE8B008EE6C0 /* LaunchScreen.storyboard in Resources */,
				9BC11C9822F7FE8B008EE6C0 /* Assets.xcassets in Resources */,
				9BC11C9622F7FE8A008EE6C0 /* Main.storyboard in Resources */,
			);
			runOnlyForDeploymentPostprocessing = 0;
		};
		9BC11C9F22F7FE8B008EE6C0 /* Resources */ = {
			isa = PBXResourcesBuildPhase;
			buildActionMask = 2147483647;
			files = (
			);
			runOnlyForDeploymentPostprocessing = 0;
		};
		9BC11CAA22F7FE8B008EE6C0 /* Resources */ = {
			isa = PBXResourcesBuildPhase;
			buildActionMask = 2147483647;
			files = (
			);
			runOnlyForDeploymentPostprocessing = 0;
		};
/* End PBXResourcesBuildPhase section */

/* Begin PBXSourcesBuildPhase section */
		9BC11C8922F7FE8A008EE6C0 /* Sources */ = {
			isa = PBXSourcesBuildPhase;
			buildActionMask = 2147483647;
			files = (
				9BC11C9322F7FE8A008EE6C0 /* ViewController.swift in Sources */,
				9BC11C9122F7FE8A008EE6C0 /* AppDelegate.swift in Sources */,
			);
			runOnlyForDeploymentPostprocessing = 0;
		};
		9BC11C9D22F7FE8B008EE6C0 /* Sources */ = {
			isa = PBXSourcesBuildPhase;
			buildActionMask = 2147483647;
			files = (
				9BC11CA622F7FE8B008EE6C0 /* EggTimerTests.swift in Sources */,
			);
			runOnlyForDeploymentPostprocessing = 0;
		};
		9BC11CA822F7FE8B008EE6C0 /* Sources */ = {
			isa = PBXSourcesBuildPhase;
			buildActionMask = 2147483647;
			files = (
				9BC11CB122F7FE8B008EE6C0 /* EggTimerUITests.swift in Sources */,
			);
			runOnlyForDeploymentPostprocessing = 0;
		};
/* End PBXSourcesBuildPhase section */

/* Begin PBXTargetDependency section */
		9BC11CA322F7FE8B008EE6C0 /* PBXTargetDependency */ = {
			isa = PBXTargetDependency;
			target = 9BC11C8C22F7FE8A008EE6C0 /* EggTimer */;
			targetProxy = 9BC11CA222F7FE8B008EE6C0 /* PBXContainerItemProxy */;
		};
		9BC11CAE22F7FE8B008EE6C0 /* PBXTargetDependency */ = {
			isa = PBXTargetDependency;
			target = 9BC11C8C22F7FE8A008EE6C0 /* EggTimer */;
			targetProxy = 9BC11CAD22F7FE8B008EE6C0 /* PBXContainerItemProxy */;
		};
/* End PBXTargetDependency section */

/* Begin PBXVariantGroup section */
		9BC11C9422F7FE8A008EE6C0 /* Main.storyboard */ = {
			isa = PBXVariantGroup;
			children = (
				9BC11C9522F7FE8A008EE6C0 /* Base */,
			);
			name = Main.storyboard;
			sourceTree = "<group>";
		};
		9BC11C9922F7FE8B008EE6C0 /* LaunchScreen.storyboard */ = {
			isa = PBXVariantGroup;
			children = (
				9BC11C9A22F7FE8B008EE6C0 /* Base */,
			);
			name = LaunchScreen.storyboard;
			sourceTree = "<group>";
		};
/* End PBXVariantGroup section */

/* Begin XCBuildConfiguration section */
		9BC11CB322F7FE8B008EE6C0 /* Debug */ = {
			isa = XCBuildConfiguration;
			buildSettings = {
				ALWAYS_SEARCH_USER_PATHS = NO;
				CLANG_ANALYZER_NONNULL = YES;
				CLANG_ANALYZER_NUMBER_OBJECT_CONVERSION = YES_AGGRESSIVE;
				CLANG_CXX_LANGUAGE_STANDARD = "gnu++14";
				CLANG_CXX_LIBRARY = "libc++";
				CLANG_ENABLE_MODULES = YES;
				CLANG_ENABLE_OBJC_ARC = YES;
				CLANG_ENABLE_OBJC_WEAK = YES;
				CLANG_WARN_BLOCK_CAPTURE_AUTORELEASING = YES;
				CLANG_WARN_BOOL_CONVERSION = YES;
				CLANG_WARN_COMMA = YES;
				CLANG_WARN_CONSTANT_CONVERSION = YES;
				CLANG_WARN_DEPRECATED_OBJC_IMPLEMENTATIONS = YES;
				CLANG_WARN_DIRECT_OBJC_ISA_USAGE = YES_ERROR;
				CLANG_WARN_DOCUMENTATION_COMMENTS = YES;
				CLANG_WARN_EMPTY_BODY = YES;
				CLANG_WARN_ENUM_CONVERSION = YES;
				CLANG_WARN_INFINITE_RECURSION = YES;
				CLANG_WARN_INT_CONVERSION = YES;
				CLANG_WARN_NON_LITERAL_NULL_CONVERSION = YES;
				CLANG_WARN_OBJC_IMPLICIT_RETAIN_SELF = YES;
				CLANG_WARN_OBJC_LITERAL_CONVERSION = YES;
				CLANG_WARN_OBJC_ROOT_CLASS = YES_ERROR;
				CLANG_WARN_RANGE_LOOP_ANALYSIS = YES;
				CLANG_WARN_STRICT_PROTOTYPES = YES;
				CLANG_WARN_SUSPICIOUS_MOVE = YES;
				CLANG_WARN_UNGUARDED_AVAILABILITY = YES_AGGRESSIVE;
				CLANG_WARN_UNREACHABLE_CODE = YES;
				CLANG_WARN__DUPLICATE_METHOD_MATCH = YES;
				CODE_SIGN_IDENTITY = "iPhone Developer";
				COPY_PHASE_STRIP = NO;
				DEBUG_INFORMATION_FORMAT = dwarf;
				ENABLE_STRICT_OBJC_MSGSEND = YES;
				ENABLE_TESTABILITY = YES;
				GCC_C_LANGUAGE_STANDARD = gnu11;
				GCC_DYNAMIC_NO_PIC = NO;
				GCC_NO_COMMON_BLOCKS = YES;
				GCC_OPTIMIZATION_LEVEL = 0;
				GCC_PREPROCESSOR_DEFINITIONS = (
					"DEBUG=1",
					"$(inherited)",
				);
				GCC_WARN_64_TO_32_BIT_CONVERSION = YES;
				GCC_WARN_ABOUT_RETURN_TYPE = YES_ERROR;
				GCC_WARN_UNDECLARED_SELECTOR = YES;
				GCC_WARN_UNINITIALIZED_AUTOS = YES_AGGRESSIVE;
				GCC_WARN_UNUSED_FUNCTION = YES;
				GCC_WARN_UNUSED_VARIABLE = YES;
				IPHONEOS_DEPLOYMENT_TARGET = 12.4;
				MTL_ENABLE_DEBUG_INFO = INCLUDE_SOURCE;
				MTL_FAST_MATH = YES;
				ONLY_ACTIVE_ARCH = YES;
				SDKROOT = iphoneos;
				SWIFT_ACTIVE_COMPILATION_CONDITIONS = DEBUG;
				SWIFT_OPTIMIZATION_LEVEL = "-Onone";
			};
			name = Debug;
		};
		9BC11CB422F7FE8B008EE6C0 /* Release */ = {
			isa = XCBuildConfiguration;
			buildSettings = {
				ALWAYS_SEARCH_USER_PATHS = NO;
				CLANG_ANALYZER_NONNULL = YES;
				CLANG_ANALYZER_NUMBER_OBJECT_CONVERSION = YES_AGGRESSIVE;
				CLANG_CXX_LANGUAGE_STANDARD = "gnu++14";
				CLANG_CXX_LIBRARY = "libc++";
				CLANG_ENABLE_MODULES = YES;
				CLANG_ENABLE_OBJC_ARC = YES;
				CLANG_ENABLE_OBJC_WEAK = YES;
				CLANG_WARN_BLOCK_CAPTURE_AUTORELEASING = YES;
				CLANG_WARN_BOOL_CONVERSION = YES;
				CLANG_WARN_COMMA = YES;
				CLANG_WARN_CONSTANT_CONVERSION = YES;
				CLANG_WARN_DEPRECATED_OBJC_IMPLEMENTATIONS = YES;
				CLANG_WARN_DIRECT_OBJC_ISA_USAGE = YES_ERROR;
				CLANG_WARN_DOCUMENTATION_COMMENTS = YES;
				CLANG_WARN_EMPTY_BODY = YES;
				CLANG_WARN_ENUM_CONVERSION = YES;
				CLANG_WARN_INFINITE_RECURSION = YES;
				CLANG_WARN_INT_CONVERSION = YES;
				CLANG_WARN_NON_LITERAL_NULL_CONVERSION = YES;
				CLANG_WARN_OBJC_IMPLICIT_RETAIN_SELF = YES;
				CLANG_WARN_OBJC_LITERAL_CONVERSION = YES;
				CLANG_WARN_OBJC_ROOT_CLASS = YES_ERROR;
				CLANG_WARN_RANGE_LOOP_ANALYSIS = YES;
				CLANG_WARN_STRICT_PROTOTYPES = YES;
				CLANG_WARN_SUSPICIOUS_MOVE = YES;
				CLANG_WARN_UNGUARDED_AVAILABILITY = YES_AGGRESSIVE;
				CLANG_WARN_UNREACHABLE_CODE = YES;
				CLANG_WARN__DUPLICATE_METHOD_MATCH = YES;
				CODE_SIGN_IDENTITY = "iPhone Developer";
				COPY_PHASE_STRIP = NO;
				DEBUG_INFORMATION_FORMAT = "dwarf-with-dsym";
				ENABLE_NS_ASSERTIONS = NO;
				ENABLE_STRICT_OBJC_MSGSEND = YES;
				GCC_C_LANGUAGE_STANDARD = gnu11;
				GCC_NO_COMMON_BLOCKS = YES;
				GCC_WARN_64_TO_32_BIT_CONVERSION = YES;
				GCC_WARN_ABOUT_RETURN_TYPE = YES_ERROR;
				GCC_WARN_UNDECLARED_SELECTOR = YES;
				GCC_WARN_UNINITIALIZED_AUTOS = YES_AGGRESSIVE;
				GCC_WARN_UNUSED_FUNCTION = YES;
				GCC_WARN_UNUSED_VARIABLE = YES;
				IPHONEOS_DEPLOYMENT_TARGET = 12.4;
				MTL_ENABLE_DEBUG_INFO = NO;
				MTL_FAST_MATH = YES;
				SDKROOT = iphoneos;
				SWIFT_COMPILATION_MODE = wholemodule;
				SWIFT_OPTIMIZATION_LEVEL = "-O";
				VALIDATE_PRODUCT = YES;
			};
			name = Release;
		};
		9BC11CB622F7FE8B008EE6C0 /* Debug */ = {
			isa = XCBuildConfiguration;
			buildSettings = {
				ASSETCATALOG_COMPILER_APPICON_NAME = AppIcon;
				CODE_SIGN_STYLE = Automatic;
				INFOPLIST_FILE = EggTimer/Info.plist;
				LD_RUNPATH_SEARCH_PATHS = (
					"$(inherited)",
					"@executable_path/Frameworks",
				);
				PRODUCT_BUNDLE_IDENTIFIER = com.example.EggTimer;
				PRODUCT_NAME = "$(TARGET_NAME)";
				SWIFT_VERSION = 5.0;
				TARGETED_DEVICE_FAMILY = "1,2";
			};
			name = Debug;
		};
		9BC11CB722F7FE8B008EE6C0 /* Release */ = {
			isa = XCBuildConfiguration;
			buildSettings = {
				ASSETCATALOG_COMPILER_APPICON_NAME = AppIcon;
				CODE_SIGN_STYLE = Automatic;
				INFOPLIST_FILE = EggTimer/Info.plist;
				LD_RUNPATH_SEARCH_PATHS = (
					"$(inherited)",
					"@executable_path/Frameworks",
				);
				PRODUCT_BUNDLE_IDENTIFIER = com.example.EggTimer;
				PRODUCT_NAME = "$(TARGET_NAME)";
				SWIFT_VERSION = 5.0;
				TARGETED_DEVICE_FAMILY = "1,2";
			};
			name = Release;
		};
		9BC11CB922F7FE8B008EE6C0 /* Debug */ = {
			isa = XCBuildConfiguration;
			buildSettings = {
				ALWAYS_EMBED_SWIFT_STANDARD_LIBRARIES = YES;
				BUNDLE_LOADER = "$(TEST_HOST)";
				CODE_SIGN_STYLE = Automatic;
				INFOPLIST_FILE = EggTimerTests/Info.plist;
				LD_RUNPATH_SEARCH_PATHS = (
					"$(inherited)",
					"@executable_path/Frameworks",
					"@loader_path/Frameworks",
				);
				PRODUCT_BUNDLE_IDENTIFIER = com.example.EggTimerTests;
				PRODUCT_NAME = "$(TARGET_NAME)";
				SWIFT_VERSION = 5.0;
				TARGETED_DEVICE_FAMILY = "1,2";
				TEST_HOST = "$(BUILT_PRODUCTS_DIR)/EggTimer.app/EggTimer";
			};
			name = Debug;
		};
		9BC11CBA22F7FE8B008EE6C0 /* Release */ = {
			isa = XCBuildConfiguration;
			buildSettings = {
				ALWAYS_EMBED_SWIFT_STANDARD_LIBRARIES = YES;
				BUNDLE_LOADER = "$(TEST_HOST)";
				CODE_SIGN_STYLE = Automatic;
				INFOPLIST_FILE = EggTimerTests/Info.plist;
				LD_RUNPATH_SEARCH_PATHS = (
					"$(inherited)",
					"@executable_path/Frameworks",
					"@loader_path/Frameworks",
				);
				PRODUCT_BUNDLE_IDENTIFIER = com.example.EggTimerTests;
				PRODUCT_NAME = "$(TARGET_NAME)";
				SWIFT_VERSION = 5.0;
				TARGETED_DEVICE_FAMILY = "1,2";
				TEST_HOST = "$(BUILT_PRODUCTS_DIR)/EggTimer.app/EggTimer";
			};
			name = Release;
		};
		9BC11CBC22F7FE8B008EE6C0 /* Debug */ = {
			isa = XCBuildConfiguration;
			buildSettings = {
				ALWAYS_EMBED_SWIFT_STANDARD_LIBRARIES = YES;
				CODE_SIGN_STYLE = Automatic;
				INFOPLIST_FILE = EggTimerUITests/Info.plist;
				LD_RUNPATH_SEARCH_PATHS = (
					"$(inherited)",
					"@executable_path/Frameworks",
					"@loader_path/Frameworks",
				);
				PRODUCT_BUNDLE_IDENTIFIER = com.example.EggTimerUITests;
				PRODUCT_NAME = "$(TARGET_NAME)";
				SWIFT_VERSION = 5.0;
				TARGETED_DEVICE_FAMILY = "1,2";
				TEST_TARGET_NAME = EggTimer;
			};
			name = Debug;
		};
		9BC11CBD22F7FE8B008EE6C0 /* Release */ = {
			isa = XCBuildConfiguration;
			buildSettings = {
				ALWAYS_EMBED_SWIFT_STANDARD_LIBRARIES = YES;
				CODE_SIGN_STYLE = Automatic;
				INFOPLIST_FILE = EggTimerUITests/Info.plist;
				LD_RUNPATH_SEARCH_PATHS = (
					"$(inherited)",
					"@executable_path/Frameworks",
					"@loader_path/Frameworks",
				);
				PRODUCT_BUNDLE_IDENTIFIER = com.example.EggTimerUITests;
				PRODUCT_NAME = "$(TARGET_NAME)";
				SWIFT_VERSION = 5.0;
				TARGETED_DEVICE_FAMILY = "1,2";
				TEST_TARGET_NAME = EggTimer;
			};
			name = Release;
		};
/* End XCBuildConfiguration section */

/* Begin XCConfigurationList section */
		9BC11C8822F7FE8A008EE6C0 /* Build configuration list for PBXProject "EggTimer" */ = {
			isa = XCConfigurationList;
			buildConfigurations = (
				9BC11CB322F7FE8B008EE6C0 /* Debug */,
				9BC11CB422F7FE8B008EE6C0 /* Release */,
			);
			defaultConfigurationIsVisible = 0;
			defaultConfigurationName = Release;
		};
		9BC11CB522F7FE8B008EE6C0 /* Build configuration list for PBXNativeTarget "EggTimer" */ = {
			isa = XCConfigurationList;
			buildConfigurations = (
				9BC11CB622F7FE8B008EE6C0 /* Debug */,
				9BC11CB722F7FE8B008EE6C0 /* Release */,
			);
			defaultConfigurationIsVisible = 0;
			defaultConfigurationName = Release;
		};
		9BC11CB822F7FE8B008EE6C0 /* Build configuration list for PBXNativeTarget "EggTimerTests" */ = {
			isa = XCConfigurationList;
			buildConfigurations = (
				9BC11CB922F7FE8B008EE6C0 /* Debug */,
				9BC11CBA22F7FE8B008EE6C0 /* Release */,
			);
			defaultConfigurationIsVisible = 0;
			defaultConfigurationName = Release;
		};
		9BC11CBB22F7FE8B008EE6C0 /* Build configuration list for PBXNativeTarget "EggTimerUITests" */ = {
			isa = XCConfigurationList;
			buildConfigurations = (
				9BC11CBC22F7FE8B008EE6C0 /* Debug */,
				9BC11CBD22F7FE8B008EE6C0 /* Release */,
			);
			defaultConfigurationIsVisible = 0;
			defaultConfigurationName = Release;
		};
/* End XCConfigurationList section */
	};
	rootObject = 9BC11C8522F7FE8A008EE6C0 /* Project object */;
}
